
Microsoft Visual Studio Solution File, Format Version 12.00
# Visual Studio 14
VisualStudioVersion = 14.0.25123.0
MinimumVisualStudioVersion = 10.0.40219.1
Project("{FAE04EC0-301F-11D3-BF4B-00C04F79EFBC}") = "InvokedelegateExample", "InvokedelegateExample\InvokedelegateExample.csproj", "{DF963923-9D51-465C-9AB9-E75BDFC1DF85}"
EndProject
Global
	GlobalSection(SolutionConfigurationPlatforms) = preSolution
		Debug|Any CPU = Debug|Any CPU
		Release|Any CPU = Release|Any CPU
	EndGlobalSection
	GlobalSection(ProjectConfigurationPlatforms) = postSolution
		{DF963923-9D51-465C-9AB9-E75BDFC1DF85}.Debug|Any CPU.ActiveCfg = Debug|Any CPU
		{DF963923-9D51-465C-9AB9-E75BDFC1DF85}.Debug|Any CPU.Build.0 = Debug|Any CPU
		{DF963923-9D51-465C-9AB9-E75BDFC1DF85}.Release|Any CPU.ActiveCfg = Release|Any CPU
		{DF963923-9D51-465C-9AB9-E75BDFC1DF85}.Release|Any CPU.Build.0 = Release|Any CPU
	EndGlobalSection
	GlobalSection(SolutionProperties) = preSolution
		HideSolutionNode = FALSE
	EndGlobalSection
EndGlobal
